{
    "_meta": {
        "hash": {
            "sha256": "34bea01b355fb9cc11684748f6e2350f114c434292132676005e410b78f08756"
        },
        "pipfile-spec": 6,
        "requires": {
            "python_version": "3.10"
        },
        "sources": [
            {
                "name": "pip_conf_index_global",
                "url": "https://e1079458:cmVmdGtuOjAxOjE3NzI2OTgxMTU6U1JmM014TFlDRkRreVVsMEZHTE5FNDloRXNm@artifactory.fis.dev/artifactory/api/pypi/apexsecfin-pypi-dev/simple",
                "verify_ssl": false
            }
        ]
    },
    "default": {
        "aiohappyeyeballs": {
            "hashes": [
                "sha256:19728772cb12263077982d2f55453babd8bec6a052a926cd5c0c42796da8bf62",
                "sha256:6cac4f5dd6e34a9644e69cf9021ef679e4394f54e58a183056d12009e42ea9e3"
            ],
            "markers": "python_version >= '3.9'",
            "version": "==2.4.8"
        },
        "aiohttp": {
            "hashes": [
                "sha256:8ce789231404ca8fff7f693cdce398abf6d90fd5dae2b1847477196c243b1fbb",
                "sha256:90d571c98d19a8b6e793b34aa4df4cee1e8fe2862d65cc49185a3a3d0a1a3996"
            ],
            "markers": "python_version >= '3.9'",
            "version": "==3.11.13"
        },
        "aiosignal": {
            "hashes": [
                "sha256:45cde58e409a301715980c2b01d0c28bdde3770d8290b5eb2173759d9acb31a5",
                "sha256:a8c255c66fafb1e499c9351d0bf32ff2d8a0321595ebac3b93713656d2436f54"
            ],
            "markers": "python_version >= '3.9'",
            "version": "==1.3.2"
        },
        "annotated-types": {
            "hashes": [
                "sha256:1f02e8b43a8fbbc3f3e0d4f0f4bfc8131bcb4eebe8849b8e5c773f3a1c582a53",
                "sha256:aff07c09a53a08bc8cfccb9c85b05f1aa9a2a6f23728d790723543408344ce89"
            ],
            "markers": "python_version >= '3.8'",
            "version": "==0.7.0"
        },
        "anyio": {
            "hashes": [
                "sha256:1d9fe889df5212298c0c0723fa20479d1b94883a2df44bd3897aa91083316f7a",
                "sha256:b5011f270ab5eb0abf13385f851315585cc37ef330dd88e27ec3d34d651fd47a"
            ],
            "markers": "python_version >= '3.9'",
            "version": "==4.8.0"
        },
        "asttokens": {
            "hashes": [
                "sha256:0dcd8baa8d62b0c1d118b399b2ddba3c4aff271d0d7a9e0d4c1681c79035bbc7",
                "sha256:e3078351a059199dd5138cb1c706e6430c05eff2ff136af5eb4790f9d28932e2"
            ],
            "markers": "python_version >= '3.8'",
            "version": "==3.0.0"
        },
        "async-timeout": {
            "hashes": [
                "sha256:4640d96be84d82d02ed59ea2b7105a0f7b33abe8703703cd0ab0bf87c427522f",
                "sha256:7405140ff1230c310e51dc27b3145b9092d659ce68ff733fb0cefe3ee42be028"
            ],
            "markers": "python_version < '3.11'",
            "version": "==4.0.3"
        },
        "attrs": {
            "hashes": [
                "sha256:1c97078a80c814273a76b2a298a932eb681c87415c11dee0a6921de7f1b02c3e",
                "sha256:c75a69e28a550a7e93789579c22aa26b0f5b83b75dc4e08fe092980051e1090a"
            ],
            "markers": "python_version >= '3.8'",
            "version": "==25.1.0"
        },
        "cachetools": {
            "hashes": [
                "sha256:1a661caa9175d26759571b2e19580f9d6393969e5dfca11fdb1f947a23e640d4",
                "sha256:d26a22bcc62eb95c3beabd9f1ee5e820d3d2704fe2967cbe350e20c8ffcd3f0a"
            ],
            "markers": "python_version >= '3.7'",
            "version": "==5.5.2"
        },
        "certifi": {
            "hashes": [
                "sha256:3d5da6925056f6f18f119200434a4780a94263f10d1c21d032a6f6b2baa20651",
                "sha256:ca78db4565a652026a4db2bcdf68f2fb589ea80d0be70e03929ed730746b84fe"
            ],
            "markers": "python_version >= '3.6'",
            "version": "==2025.1.31"
        },
        "charset-normalizer": {
            "hashes": [
                "sha256:44251f18cd68a75b56585dd00dae26183e102cd5e0f9f1466e6df5da2ed64ea3",
                "sha256:9f0b8b1c6d84c8034a44893aba5e767bf9c7a211e313a9605d9c617d7083829f",
                "sha256:d98b1668f06378c6dbefec3b92299716b931cd4e6061f3c875a71ced1780ab85"
            ],
            "markers": "python_version >= '3.7'",
            "version": "==3.4.1"
        },
        "click": {
            "hashes": [
                "sha256:63c132bbbed01578a06712a2d1f497bb62d9c1c0d329b7903a866228027263b2",
                "sha256:ed53c9d8990d83c2a27deae68e4ee337473f6330c040a31d4225c9574d16096a"
            ],
            "markers": "python_version >= '3.7'",
            "version": "==8.1.8"
        },
        "colorama": {
            "hashes": [
                "sha256:08695f5cb7ed6e0531a20572697297273c47b8cae5a63ffc6d6ed5c201be6e44",
                "sha256:4f1d9991f5acc0ca119f9d443620b77f9d6b33703e51011c16baf57afb285fc6"
            ],
            "markers": "sys_platform == 'win32'",
            "version": "==0.4.6"
        },
        "comm": {
            "hashes": [
                "sha256:3fd7a84065306e07bea1773df6eb8282de51ba82f77c72f9c85716ab11fe980e",
                "sha256:e6fb86cb70ff661ee8c9c14e7d36d6de3b4066f1441be4063df9c5009f0a64d3"
            ],
            "markers": "python_version >= '3.8'",
            "version": "==0.2.2"
        },
        "dataclasses-json": {
            "hashes": [
                "sha256:0dbf33f26c8d5305befd61b39d2b3414e8a407bedc2834dea9b8d642666fb40a",
                "sha256:b6b3e528266ea45b9535223bc53ca645f5208833c29229e847b3f26a1cc55fc0"
            ],
            "markers": "python_version >= '3.7' and python_version < '4.0'",
            "version": "==0.6.7"
        },
        "debugpy": {
            "hashes": [
                "sha256:837e7bef95bdefba426ae38b9a94821ebdc5bea55627879cd48165c90b9e50ce",
                "sha256:d4ba115cdd0e3a70942bd562adba9ec8c651fe69ddde2298a1be296fc331906f",
                "sha256:dc7b77f5d32674686a5f06955e4b18c0e41fb5a605f5b33cf225790f114cfeec"
            ],
            "markers": "python_version >= '3.8'",
            "version": "==1.8.13"
        },
        "decorator": {
            "hashes": [
                "sha256:65f266143752f734b0a7cc83c46f4618af75b8c5911b00ccb61d0ac9b6da0360",
                "sha256:d316bb415a2d9e2d2b3abcc4084c6502fc09240e292cd76a76afc106a1c8e04a"
            ],
            "markers": "python_version >= '3.8'",
            "version": "==5.2.1"
        },
        "exceptiongroup": {
            "hashes": [
                "sha256:3111b9d131c238bec2f8f516e123e14ba243563fb135d3fe885990585aa7795b",
                "sha256:47c2edf7c6738fafb49fd34290706d1a1a2f4d1c6df275526b62cbb4aa5393cc"
            ],
            "markers": "python_version < '3.11'",
            "version": "==1.2.2"
        },
        "executing": {
            "hashes": [
                "sha256:11387150cad388d62750327a53d3339fad4888b39a6fe233c3afbb54ecffd3aa",
                "sha256:5d108c028108fe2551d1a7b2e8b713341e2cb4fc0aa7dcf966fa4327a5226755"
            ],
            "markers": "python_version >= '3.8'",
            "version": "==2.2.0"
        },
        "fastapi": {
            "hashes": [
                "sha256:32e1541b7b74602e4ef4a0260ecaf3aadf9d4f19590bba3e1bf2ac4666aa2c64",
                "sha256:cc81f03f688678b92600a65a5e618b93592c65005db37157147204d8924bf94f"
            ],
            "version": "==0.115.11"
        },
        "filetype": {
            "hashes": [
                "sha256:66b56cd6474bf41d8c54660347d37afcc3f7d1970648de365c102ef77548aadb",
                "sha256:7ce71b6880181241cf7ac8697a2f1eb6a8bd9b429f7ad6d27b8db9ba5f1c2d25"
            ],
            "version": "==1.2.0"
        },
        "frozenlist": {
            "hashes": [
                "sha256:189f03b53e64144f90990d29a27ec4f7997d91ed3d01b51fa39d2dbe77540fd4",
                "sha256:81d5af29e61b9c8348e876d442253723928dce6433e0e76cd925cd83f1b4b817",
                "sha256:d994863bba198a4a518b467bb971c56e1db3f180a25c6cf7bb1949c267f748c3"
            ],
            "markers": "python_version >= '3.8'",
            "version": "==1.5.0"
        },
        "google-ai-generativelanguage": {
            "hashes": [
                "sha256:494f73c44dede1fd6853e579efe590f139d0654481d2a5bdadfc415ec5351d3d",
                "sha256:b53c736b8ebed75fe040d48740b0a15370d75e7dbc72249fb7acd2c9171bc072"
            ],
            "markers": "python_version >= '3.7'",
            "version": "==0.6.16"
        },
        "google-api-core": {
            "extras": [
                "grpc"
            ],
            "hashes": [
                "sha256:bc78d608f5a5bf853b80bd70a795f703294de656c096c0968320830a4bc280f1",
                "sha256:f8b36f5456ab0dd99a1b693a40a31d1e7757beea380ad1b38faaf8941eae9d8a"
            ],
            "markers": "python_version >= '3.7'",
            "version": "==2.24.1"
        },
        "google-auth": {
            "hashes": [
                "sha256:8285113607d3b80a3f1543b75962447ba8a09fe85783432a784fdeef6ac094c4",
                "sha256:e7dae6694313f434a2727bf2906f27ad259bae090d7aa896590d86feec3d9d4a"
            ],
            "markers": "python_version >= '3.7'",
            "version": "==2.38.0"
        },
        "googleapis-common-protos": {
            "hashes": [
                "sha256:17835fdc4fa8da1d61cfe2d4d5d57becf7c61d4112f8d81c67eaa9d7ce43042d",
                "sha256:5a46d58af72846f59009b9c4710425b9af2139555c71837081706b213b298187"
            ],
            "markers": "python_version >= '3.7'",
            "version": "==1.69.0"
        },
        "greenlet": {
            "hashes": [
                "sha256:4ce3ac6cdb6adf7946475d7ef31777c26d94bccc377e070a7986bd2d5c515467",
                "sha256:77c386de38a60d1dfb8e55b8c1101d68c79dfdd25c7095d51fec2dd800892b80"
            ],
            "markers": "python_version < '3.14' and platform_machine == 'aarch64' or (platform_machine == 'ppc64le' or (platform_machine == 'x86_64' or (platform_machine == 'amd64' or (platform_machine == 'AMD64' or (platform_machine == 'win32' or platform_machine == 'WIN32')))))",
            "version": "==3.1.1"
        },
        "grpcio": {
            "hashes": [
                "sha256:0de706c0a5bb9d841e353f6343a9defc9fc35ec61d6eb6111802f3aa9fef29e1",
                "sha256:8d1584a68d5922330025881e63a6c1b54cc8117291d382e4fa69339b6d914c56"
            ],
            "version": "==1.70.0"
        },
        "grpcio-status": {
            "hashes": [
                "sha256:0e7b42816512433b18b9d764285ff029bde059e9d41f8fe10a60631bd8348101",
                "sha256:fc5a2ae2b9b1c1969cc49f3262676e6854aa2398ec69cb5bd6c47cd501904a85"
            ],
            "version": "==1.70.0"
        },
        "h11": {
            "hashes": [
                "sha256:8f19fbbe99e72420ff35c00b27a34cb9937e902a8b810e2c88300c6f0a3b699d",
                "sha256:e3fe4ac4b851c468cc8363d500db52c2ead036020723024a109d37346efaa761"
            ],
            "markers": "python_version >= '3.7'",
            "version": "==0.14.0"
        },
        "httpcore": {
            "hashes": [
                "sha256:8551cb62a169ec7162ac7be8d4817d561f60e08eaa485234898414bb5a8a0b4c",
                "sha256:a3fff8f43dc260d5bd363d9f9cf1830fa3a458b332856f34282de498ed420edd"
            ],
            "markers": "python_version >= '3.8'",
            "version": "==1.0.7"
        },
        "httpx": {
            "hashes": [
                "sha256:75e98c5f16b0f35b567856f597f06ff2270a374470a5c2392242528e3e3e42fc",
                "sha256:d909fcccc110f8c7faf814ca82a9a4d816bc5a6dbfea25d6591d6985b8ba59ad"
            ],
            "markers": "python_version >= '3.8'",
            "version": "==0.28.1"
        },
        "httpx-sse": {
            "hashes": [
                "sha256:1e81a3a3070ce322add1d3529ed42eb5f70817f45ed6ec915ab753f961139721",
                "sha256:f329af6eae57eaa2bdfd962b42524764af68075ea87370a2de920af5341e318f"
            ],
            "markers": "python_version >= '3.8'",
            "version": "==0.4.0"
        },
        "idna": {
            "hashes": [
                "sha256:12f65c9b470abda6dc35cf8e63cc574b1c52b11df2c86030af0ac09b01b13ea9",
                "sha256:946d195a0d259cbba61165e88e65941f16e9b36ea6ddb97f00452bae8b1287d3"
            ],
            "markers": "python_version >= '3.6'",
            "version": "==3.10"
        },
        "ipykernel": {
            "hashes": [
                "sha256:afdb66ba5aa354b09b91379bac28ae4afebbb30e8b39510c9690afb7a10421b5",
                "sha256:f093a22c4a40f8828f8e330a9c297cb93dcab13bd9678ded6de8e5cf81c56215"
            ],
            "index": "pip_conf_index_global",
            "markers": "python_version >= '3.8'",
            "version": "==6.29.5"
        },
        "ipython": {
            "hashes": [
                "sha256:4c3e36a6dfa9e8e3702bd46f3df668624c975a22ff340e96ea7277afbd76217d",
                "sha256:aa5b301dfe1eaf0167ff3238a6825f810a029c9dad9d3f1597f30bd5ff65cc44"
            ],
            "markers": "python_version >= '3.10'",
            "version": "==8.33.0"
        },
        "jedi": {
            "hashes": [
                "sha256:4770dc3de41bde3966b02eb84fbcf557fb33cce26ad23da12c742fb50ecb11f0",
                "sha256:a8ef22bde8490f57fe5c7681a3c83cb58874daf72b4784de3cce5b6ef6edb5b9"
            ],
            "markers": "python_version >= '3.6'",
            "version": "==0.19.2"
        },
        "jsonpatch": {
            "hashes": [
                "sha256:0ae28c0cd062bbd8b8ecc26d7d164fbbea9652a1a3693f3b956c1eae5145dade",
                "sha256:9fcd4009c41e6d12348b4a0ff2563ba56a2923a7dfee731d004e212e1ee5030c"
            ],
            "markers": "python_version >= '2.7' and python_version not in '3.0, 3.1, 3.2, 3.3, 3.4, 3.5, 3.6'",
            "version": "==1.33"
        },
        "jsonpointer": {
            "hashes": [
                "sha256:13e088adc14fca8b6aa8177c044e12701e6ad4b28ff10e65f2267a90109c9942",
                "sha256:2b2d729f2091522d61c3b31f82e11870f60b68f43fbc705cb76bf4b832af59ef"
            ],
            "markers": "python_version >= '3.7'",
            "version": "==3.0.0"
        },
        "jupyter-client": {
            "hashes": [
                "sha256:35b3a0947c4a6e9d589eb97d7d4cd5e90f910ee73101611f01283732bd6d9419",
                "sha256:e8a19cc986cc45905ac3362915f410f3af85424b4c0905e94fa5f2cb08e8f23f"
            ],
            "markers": "python_version >= '3.8'",
            "version": "==8.6.3"
        },
        "jupyter-core": {
            "hashes": [
                "sha256:4f7315d2f6b4bcf2e3e7cb6e46772eba760ae459cd1f59d29eb57b0a01bd7409",
                "sha256:aa5f8d32bbf6b431ac830496da7392035d6f61b4f54872f15c4bd2a9c3f536d9"
            ],
            "markers": "python_version >= '3.8'",
            "version": "==5.7.2"
        },
        "langchain": {
            "hashes": [
                "sha256:273287f8e61ffdf7e811cf8799e6a71e9381325b8625fd6618900faba79cfdd0",
                "sha256:edcc3241703e1f6557ef5a5c35cd56f9ccc25ff12e38b4829c66d94971737a93"
            ],
            "index": "pip_conf_index_global",
            "markers": "python_version >= '3.9' and python_version < '4.0'",
            "version": "==0.3.20"
        },
        "langchain-community": {
            "hashes": [
                "sha256:268ce7b322c0d1961d7bab1a9419d6ff30c99ad09487dca48d47389b69875b16",
                "sha256:fc100b6d4d6523566a957cdc306b0500e4982d5b221b98f67432da18ba5b2bf5"
            ],
            "index": "pip_conf_index_global",
            "markers": "python_version >= '3.9' and python_version < '4.0'",
            "version": "==0.3.19"
        },
        "langchain-core": {
            "hashes": [
                "sha256:1a27cca5333bae7597de4004fb634b5f3e71667a3da6493b94ce83bcf15a23bd",
                "sha256:d3ee9f3616ebbe7943470ade23d4a04e1729b1512c0ec55a4a07bd2ac64dedb4"
            ],
            "markers": "python_version >= '3.9' and python_version < '4.0'",
            "version": "==0.3.41"
        },
        "langchain-google-genai": {
            "hashes": [
                "sha256:c98b18524a78fcc7084ba5ac69ea6a1a69b0b693255de68245b98bbbc3f08e87",
                "sha256:ff6997eee872f0732036129173f4c1740b03fbb1f13251805d51d6c08bf8b34d"
            ],
            "index": "pip_conf_index_global",
            "markers": "python_version >= '3.9' and python_version < '4.0'",
            "version": "==2.0.11"
        },
        "langchain-text-splitters": {
            "hashes": [
                "sha256:c537972f4b7c07451df431353a538019ad9dadff7a1073ea363946cea97e1bee",
                "sha256:e5d7b850f6c14259ea930be4a964a65fa95d9df7e1dbdd8bad8416db72292f4e"
            ],
            "markers": "python_version >= '3.9' and python_version < '4.0'",
            "version": "==0.3.6"
        },
        "langgraph": {
            "hashes": [
                "sha256:7c0d8e61aa02578b41036c9f7a599ccba2562d269f66ef76bacbba47a99a7eca",
                "sha256:be313ec300633c857873ea3e44aece4dd7d0b11f131d385108b359d377a85bf7"
            ],
            "index": "pip_conf_index_global",
            "markers": "python_version < '4.0' and python_full_version >= '3.9.0'",
            "version": "==0.3.5"
        },
        "langgraph-checkpoint": {
            "hashes": [
                "sha256:49ba8cfa12b2aae845ccc3b1fbd1d7a8d3a6c4a2e387ab3a92fca40dd3d4baa5",
                "sha256:dfab51076a6eddb5f9e146cfe1b977e3dd6419168b2afa23ff3f4e47973bf06f"
            ],
            "markers": "python_full_version >= '3.9.0' and python_full_version < '4.0.0'",
            "version": "==2.0.16"
        },
        "langgraph-prebuilt": {
            "hashes": [
                "sha256:148a9558a36ec7e83cc6512f3521425c862b0463251ae0242ade52a448c54e78",
                "sha256:420a748ff93842f2b1a345a0c1ca3939d2bc7a2d46c20e9a9a0d8f148152cc47"
            ],
            "markers": "python_full_version >= '3.9.0' and python_full_version < '4.0.0'",
            "version": "==0.1.1"
        },
        "langgraph-sdk": {
            "hashes": [
                "sha256:12906ed965905fa27e0c28d9fa07dc6fd89e6895ff321ff049fdf3965d057cc4",
                "sha256:4fab62caad73661ffe4c3ababedcd0d7bfaaba986bee4416b9c28948458a3af5"
            ],
            "markers": "python_full_version >= '3.9.0' and python_full_version < '4.0.0'",
            "version": "==0.1.53"
        },
        "langserve": {
            "extras": [
                "all"
            ],
            "hashes": [
                "sha256:17bf7f7d7c182623298748c2eab176c4c0e1872e20f88be89ba89a962c94988d",
                "sha256:c860435ebbcc2c051c3e34c349c9d6020921a8af9216ad17700b58dbd01be9a2"
            ],
            "markers": "python_version >= '3.9' and python_version < '4.0'",
            "version": "==0.3.1"
        },
        "langsmith": {
            "hashes": [
                "sha256:0cca22737ef07d3b038a437c141deda37e00add56022582680188b681bec095e",
                "sha256:ddf29d24352e99de79c9618aaf95679214324e146c5d3d9475a7ddd2870018b1"
            ],
            "markers": "python_version >= '3.9' and python_version < '4.0'",
            "version": "==0.3.11"
        },
        "marshmallow": {
            "hashes": [
                "sha256:3350409f20a70a7e4e11a27661187b77cdcaeb20abca41c1454fe33636bea09c",
                "sha256:e6d8affb6cb61d39d26402096dc0aee12d5a26d490a121f118d2e81dc0719dc6"
            ],
            "markers": "python_version >= '3.9'",
            "version": "==3.26.1"
        },
        "matplotlib-inline": {
            "hashes": [
                "sha256:8423b23ec666be3d16e16b60bdd8ac4e86e840ebd1dd11a30b9f117f2fa0ab90",
                "sha256:df192d39a4ff8f21b1895d72e6a13f5fcc5099f00fa84384e0ea28c2cc0653ca"
            ],
            "markers": "python_version >= '3.8'",
            "version": "==0.1.7"
        },
        "msgpack": {
            "hashes": [
                "sha256:685ec345eefc757a7c8af44a3032734a739f8c45d1b0ac45efc5d8977aa4720f",
                "sha256:dd432ccc2c72b914e4cb77afce64aab761c1137cc698be3984eee260bcb2896e"
            ],
            "markers": "python_version >= '3.8'",
            "version": "==1.1.0"
        },
        "multidict": {
            "hashes": [
                "sha256:20b9b5fbe0b88d0bdef2012ef7dee867f874b72528cf1d08f1d59b0e3850129d",
                "sha256:22ae2ebf9b0c69d206c003e2f6a914ea33f0a932d4aa16f236afc049d9958f4a",
                "sha256:48e171e52d1c4d33888e529b999e5900356b9ae588c2f09a52dcefb158b27506"
            ],
            "markers": "python_version >= '3.8'",
            "version": "==6.1.0"
        },
        "mypy-extensions": {
            "hashes": [
                "sha256:4392f6c0eb8a5668a69e23d168ffa70f0be9ccfd32b5cc2d26a34ae5b844552d",
                "sha256:75dbf8955dc00442a438fc4d0666508a9a97b6bd41aa2f0ffe9d2f2725af0782"
            ],
            "markers": "python_version >= '3.5'",
            "version": "==1.0.0"
        },
        "nest-asyncio": {
            "hashes": [
                "sha256:6f172d5449aca15afd6c646851f4e31e02c598d553a667e38cafa997cfec55fe",
                "sha256:87af6efd6b5e897c81050477ef65c62e2b2f35d51703cae01aff2905b1852e1c"
            ],
            "markers": "python_version >= '3.5'",
            "version": "==1.6.0"
        },
        "numpy": {
            "hashes": [
                "sha256:596140185c7fa113563c67c2e894eabe0daea18cf8e33851738c19f70ce86aeb",
                "sha256:dbdc15f0c81611925f382dfa97b3bd0bc2c1ce19d4fe50482cb0ddc12ba30020"
            ],
            "markers": "python_version >= '3.10'",
            "version": "==2.2.3"
        },
        "orjson": {
            "hashes": [
                "sha256:05ca7fe452a2e9d8d9d706a2984c95b9c2ebc5db417ce0b7a49b91d50642a23e",
                "sha256:17085a6aa91e1cd70ca8533989a18b5433e15d29c574582f76f821737c8d5806"
            ],
            "markers": "python_version >= '3.8'",
            "version": "==3.10.15"
        },
        "packaging": {
            "hashes": [
                "sha256:09abb1bccd265c01f4a3aa3f7a7db064b36514d2cba19a2f694fe6150451a759",
                "sha256:c228a6dc5e932d346bc5739379109d49e8853dd8223571c7c5b55260edc0b97f"
            ],
            "markers": "python_version >= '3.8'",
            "version": "==24.2"
        },
        "parso": {
            "hashes": [
                "sha256:a418670a20291dacd2dddc80c377c5c3791378ee1e8d12bffc35420643d43f18",
                "sha256:eb3a7b58240fb99099a345571deecc0f9540ea5f4dd2fe14c2a99d6b281ab92d"
            ],
            "markers": "python_version >= '3.6'",
            "version": "==0.8.4"
        },
        "platformdirs": {
            "hashes": [
                "sha256:357fb2acbc885b0419afd3ce3ed34564c13c9b95c89360cd9563f73aa5e2b907",
                "sha256:73e575e1408ab8103900836b97580d5307456908a03e92031bab39e4554cc3fb"
            ],
            "markers": "python_version >= '3.8'",
            "version": "==4.3.6"
        },
        "prompt-toolkit": {
            "hashes": [
                "sha256:544748f3860a2623ca5cd6d2795e7a14f3d0e1c3c9728359013f79877fc89bab",
                "sha256:9b6427eb19e479d98acff65196a307c555eb567989e6d88ebbb1b509d9779198"
            ],
            "markers": "python_full_version >= '3.8.0'",
            "version": "==3.0.50"
        },
        "propcache": {
            "hashes": [
                "sha256:42924dc0c9d73e49908e35bbdec87adedd651ea24c53c29cac103ede0ea1d340",
                "sha256:67dda3c7325691c2081510e92c561f465ba61b975f481735aefdfc845d2cd043",
                "sha256:a8fd93de4e1d278046345f49e2238cdb298589325849b2645d4a94c53faeffc5"
            ],
            "markers": "python_version >= '3.9'",
            "version": "==0.3.0"
        },
        "proto-plus": {
            "hashes": [
                "sha256:6e93d5f5ca267b54300880fff156b6a3386b3fa3f43b1da62e680fc0c586ef22",
                "sha256:bf2dfaa3da281fc3187d12d224c707cb57214fb2c22ba854eb0c105a3fb2d4d7"
            ],
            "markers": "python_version >= '3.7'",
            "version": "==1.26.0"
        },
        "protobuf": {
            "hashes": [
                "sha256:0a18ed4a24198528f2333802eb075e59dea9d679ab7a6c5efb017a59004d849f",
                "sha256:5da0f41edaf117bde316404bad1a486cb4ededf8e4a54891296f648e8e076620",
                "sha256:a4fa6f80816a9a0678429e84973f2f98cbc218cca434abe8db2ad0bffc98503a"
            ],
            "markers": "python_version >= '3.8'",
            "version": "==5.29.3"
        },
        "psutil": {
            "hashes": [
                "sha256:4cf3d4eb1aa9b348dec30105c55cd9b7d4629285735a102beb4441e38db90553",
                "sha256:7be9c3eba38beccb6495ea33afd982a44074b78f28c434a1f51cc07fd315c456"
            ],
            "markers": "python_version >= '3.6'",
            "version": "==7.0.0"
        },
        "pure-eval": {
            "hashes": [
                "sha256:1db8e35b67b3d218d818ae653e27f06c3aa420901fa7b081ca98cbedc874e0d0",
                "sha256:5f4e983f40564c576c7c8635ae88db5956bb2229d7e9237d03b3c0b0190eaf42"
            ],
            "version": "==0.2.3"
        },
        "pyasn1": {
            "hashes": [
                "sha256:0d632f46f2ba09143da3a8afe9e33fb6f92fa2320ab7e886e2d0f7672af84629",
                "sha256:6f580d2bdd84365380830acf45550f2511469f673cb4a5ae3857a3170128b034"
            ],
            "markers": "python_version >= '3.8'",
            "version": "==0.6.1"
        },
        "pyasn1-modules": {
            "hashes": [
                "sha256:49bfa96b45a292b711e986f222502c1c9a5e1f4e568fc30e2574a6c7d07838fd",
                "sha256:c28e2dbf9c06ad61c71a075c7e0f9fd0f1b0bb2d2ad4377f240d33ac2ab60a7c"
            ],
            "markers": "python_version >= '3.8'",
            "version": "==0.4.1"
        },
        "pydantic": {
            "hashes": [
                "sha256:427d664bf0b8a2b34ff5dd0f5a18df00591adcee7198fbd71981054cef37b584",
                "sha256:ca5daa827cce33de7a42be142548b0096bf05a7e7b365aebfa5f8eeec7128236"
            ],
            "markers": "python_version >= '3.8'",
            "version": "==2.10.6"
        },
        "pydantic-core": {
            "hashes": [
                "sha256:e0fd26b16394ead34a424eecf8a31a1f5137094cabe84a1bcb10fa6ba39d3d31",
                "sha256:eb026e5a4c1fee05726072337ff51d1efb6f59090b7da90d30ea58625b1ffb39"
            ],
            "markers": "python_version >= '3.8'",
            "version": "==2.27.2"
        },
        "pydantic-settings": {
            "hashes": [
                "sha256:81942d5ac3d905f7f3ee1a70df5dfb62d5569c12f51a5a647defc1c3d9ee2e9c",
                "sha256:d5c663dfbe9db9d5e1c646b2e161da12f0d734d422ee56f567d0ea2cee4e8585"
            ],
            "markers": "python_version >= '3.8'",
            "version": "==2.8.1"
        },
        "pygments": {
            "hashes": [
                "sha256:61c16d2a8576dc0649d9f39e089b5f02bcd27fba10d8fb4dcc28173f7a45151f",
                "sha256:9ea1544ad55cecf4b8242fab6dd35a93bbce657034b0611ee383099054ab6d8c"
            ],
            "markers": "python_version >= '3.8'",
            "version": "==2.19.1"
        },
        "python-dateutil": {
            "hashes": [
                "sha256:37dd54208da7e1cd875388217d5e00ebd4179249f90fb72437e91a35459a0ad3",
                "sha256:a8b2bc7bffae282281c8140a97d3aa9c14da0b136dfe83f850eea9a5f7470427"
            ],
            "markers": "python_version >= '2.7' and python_version not in '3.0, 3.1, 3.2, 3.3'",
            "version": "==2.9.0.post0"
        },
        "python-dotenv": {
            "hashes": [
                "sha256:e324ee90a023d808f1959c46bcbc04446a10ced277783dc6ee09987c37ec10ca",
                "sha256:f7b63ef50f1b690dddf550d03497b66d609393b40b564ed0d674909a68ebf16a"
            ],
            "index": "pip_conf_index_global",
            "markers": "python_version >= '3.8'",
            "version": "==1.0.1"
        },
        "pywin32": {
            "hashes": [
                "sha256:4fc888c59b3c0bef905ce7eb7e2106a07712015ea1c8234b703a088d46110e8e"
            ],
            "markers": "sys_platform == 'win32' and platform_python_implementation != 'PyPy'",
            "version": "==308"
        },
        "pyyaml": {
            "hashes": [
                "sha256:01179a4a8559ab5de078078f37e5c1a30d76bb88519906844fd7bdea1b7729ff",
                "sha256:0833f8694549e586547b576dcfaba4a6b55b9e96098b36cdc7ebefe667dfed48",
                "sha256:0a9a2848a5b7feac301353437eb7d5957887edbf81d56e903999a75a3d743086",
                "sha256:0b69e4ce7a131fe56b7e4d770c67429700908fc0752af059838b1cfb41960e4e",
                "sha256:0ffe8360bab4910ef1b9e87fb812d8bc0a308b0d0eef8c8f44e0254ab3b07133",
                "sha256:11d8f3dd2b9c1207dcaf2ee0bbbfd5991f571186ec9cc78427ba5bd32afae4b5",
                "sha256:17e311b6c678207928d649faa7cb0d7b4c26a0ba73d41e99c4fff6b6c3276484",
                "sha256:1e2120ef853f59c7419231f3bf4e7021f1b936f6ebd222406c3b60212205d2ee",
                "sha256:1f71ea527786de97d1a0cc0eacd1defc0985dcf6b3f17bb77dcfc8c34bec4dc5",
                "sha256:23502f431948090f597378482b4812b0caae32c22213aecf3b55325e049a6c68",
                "sha256:24471b829b3bf607e04e88d79542a9d48bb037c2267d7927a874e6c205ca7e9a",
                "sha256:29717114e51c84ddfba879543fb232a6ed60086602313ca38cce623c1d62cfbf",
                "sha256:2e99c6826ffa974fe6e27cdb5ed0021786b03fc98e5ee3c5bfe1fd5015f42b99",
                "sha256:39693e1f8320ae4f43943590b49779ffb98acb81f788220ea932a6b6c51004d8",
                "sha256:3ad2a3decf9aaba3d29c8f537ac4b243e36bef957511b4766cb0057d32b0be85",
                "sha256:3b1fdb9dc17f5a7677423d508ab4f243a726dea51fa5e70992e59a7411c89d19",
                "sha256:41e4e3953a79407c794916fa277a82531dd93aad34e29c2a514c2c0c5fe971cc",
                "sha256:43fa96a3ca0d6b1812e01ced1044a003533c47f6ee8aca31724f78e93ccc089a",
                "sha256:50187695423ffe49e2deacb8cd10510bc361faac997de9efef88badc3bb9e2d1",
                "sha256:5ac9328ec4831237bec75defaf839f7d4564be1e6b25ac710bd1a96321cc8317",
                "sha256:5d225db5a45f21e78dd9358e58a98702a0302f2659a3c6cd320564b75b86f47c",
                "sha256:6395c297d42274772abc367baaa79683958044e5d3835486c16da75d2a694631",
                "sha256:688ba32a1cffef67fd2e9398a2efebaea461578b0923624778664cc1c914db5d",
                "sha256:68ccc6023a3400877818152ad9a1033e3db8625d899c72eacb5a668902e4d652",
                "sha256:70b189594dbe54f75ab3a1acec5f1e3faa7e8cf2f1e08d9b561cb41b845f69d5",
                "sha256:797b4f722ffa07cc8d62053e4cff1486fa6dc094105d13fea7b1de7d8bf71c9e",
                "sha256:7c36280e6fb8385e520936c3cb3b8042851904eba0e58d277dca80a5cfed590b",
                "sha256:7e7401d0de89a9a855c839bc697c079a4af81cf878373abd7dc625847d25cbd8",
                "sha256:80bab7bfc629882493af4aa31a4cfa43a4c57c83813253626916b8c7ada83476",
                "sha256:82d09873e40955485746739bcb8b4586983670466c23382c19cffecbf1fd8706",
                "sha256:8388ee1976c416731879ac16da0aff3f63b286ffdd57cdeb95f3f2e085687563",
                "sha256:8824b5a04a04a047e72eea5cec3bc266db09e35de6bdfe34c9436ac5ee27d237",
                "sha256:8b9c7197f7cb2738065c481a0461e50ad02f18c78cd75775628afb4d7137fb3b",
                "sha256:9056c1ecd25795207ad294bcf39f2db3d845767be0ea6e6a34d856f006006083",
                "sha256:936d68689298c36b53b29f23c6dbb74de12b4ac12ca6cfe0e047bedceea56180",
                "sha256:9b22676e8097e9e22e36d6b7bda33190d0d400f345f23d4065d48f4ca7ae0425",
                "sha256:a4d3091415f010369ae4ed1fc6b79def9416358877534caf6a0fdd2146c87a3e",
                "sha256:a8786accb172bd8afb8be14490a16625cbc387036876ab6ba70912730faf8e1f",
                "sha256:a9f8c2e67970f13b16084e04f134610fd1d374bf477b17ec1599185cf611d725",
                "sha256:bc2fa7c6b47d6bc618dd7fb02ef6fdedb1090ec036abab80d4681424b84c1183",
                "sha256:c70c95198c015b85feafc136515252a261a84561b7b1d51e3384e0655ddf25ab",
                "sha256:cc1c1159b3d456576af7a3e4d1ba7e6924cb39de8f67111c735f6fc832082774",
                "sha256:ce826d6ef20b1bc864f0a68340c8b3287705cae2f8b4b1d932177dcc76721725",
                "sha256:d584d9ec91ad65861cc08d42e834324ef890a082e591037abe114850ff7bbc3e",
                "sha256:d7fded462629cfa4b685c5416b949ebad6cec74af5e2d42905d41e257e0869f5",
                "sha256:d84a1718ee396f54f3a086ea0a66d8e552b2ab2017ef8b420e92edbc841c352d",
                "sha256:d8e03406cac8513435335dbab54c0d385e4a49e4945d2909a581c83647ca0290",
                "sha256:e10ce637b18caea04431ce14fabcf5c64a1c61ec9c56b071a4b7ca131ca52d44",
                "sha256:ec031d5d2feb36d1d1a24380e4db6d43695f3748343d99434e6f5f9156aaa2ed",
                "sha256:ef6107725bd54b262d6dedcc2af448a266975032bc85ef0172c5f059da6325b4",
                "sha256:efdca5630322a10774e8e98e1af481aad470dd62c3170801852d752aa7a783ba",
                "sha256:f753120cb8181e736c57ef7636e83f31b9c0d1722c516f7e86cf15b7aa57ff12",
                "sha256:ff3824dc5261f50c9b0dfb3be22b4567a6f938ccce4587b38952d85fd9e9afe4"
            ],
            "markers": "python_version >= '3.8'",
            "version": "==6.0.2"
        },
        "pyzmq": {
            "hashes": [
                "sha256:17d72a74e5e9ff3829deb72897a175333d3ef5b5413948cae3cf7ebf0b02ecca",
                "sha256:45fad32448fd214fbe60030aa92f97e64a7140b624290834cc9b27b3a11f9473"
            ],
            "markers": "python_version >= '3.7'",
            "version": "==26.2.1"
        },
        "requests": {
            "hashes": [
                "sha256:55365417734eb18255590a9ff9eb97e9e1da868d4ccd6402399eaf68af20a760",
                "sha256:70761cfe03c773ceb22aa2f671b4757976145175cdfca038c02654d061d6dcc6"
            ],
            "markers": "python_version >= '3.8'",
            "version": "==2.32.3"
        },
        "requests-toolbelt": {
            "hashes": [
                "sha256:7681a0a3d047012b5bdc0ee37d7f8f07ebe76ab08caeccfc3921ce23c88d5bc6",
                "sha256:cccfdd665f0a24fcf4726e690f65639d272bb0637b9b92dfd91a5568ccf6bd06"
            ],
            "markers": "python_version >= '2.7' and python_version not in '3.0, 3.1, 3.2, 3.3'",
            "version": "==1.0.0"
        },
        "rsa": {
            "hashes": [
                "sha256:90260d9058e514786967344d0ef75fa8727eed8a7d2e43ce9f4bcf1b536174f7",
                "sha256:e38464a49c6c85d7f1351b0126661487a7e0a14a50f1675ec50eb34d4f20ef21"
            ],
            "markers": "python_version >= '3.6' and python_version < '4'",
            "version": "==4.9"
        },
        "six": {
            "hashes": [
                "sha256:4721f391ed90541fddacab5acf947aa0d3dc7d27b2e1e8eda2be8970586c3274",
                "sha256:ff70335d468e7eb6ec65b95b99d3a2836546063f63acc5171de367e834932a81"
            ],
            "markers": "python_version >= '2.7' and python_version not in '3.0, 3.1, 3.2, 3.3'",
            "version": "==1.17.0"
        },
        "sniffio": {
            "hashes": [
                "sha256:2f6da418d1f1e0fddd844478f41680e794e6051915791a034ff65e5f100525a2",
                "sha256:f4324edc670a0f49750a81b895f35c3adb843cca46f0530f79fc1babb23789dc"
            ],
            "markers": "python_version >= '3.7'",
            "version": "==1.3.1"
        },
        "sqlalchemy": {
            "hashes": [
                "sha256:0398361acebb42975deb747a824b5188817d32b5c8f8aba767d51ad0cc7bb08d",
                "sha256:0561832b04c6071bac3aad45b0d3bb6d2c4f46a8409f0a7a9c9fa6673b41bc03",
                "sha256:07258341402a718f166618470cde0c34e4cec85a39767dce4e24f61ba5e667ea",
                "sha256:0a826f21848632add58bef4f755a33d45105d25656a0c849f2dc2df1c71f6f50",
                "sha256:1052723e6cd95312f6a6eff9a279fd41bbae67633415373fdac3c430eca3425d",
                "sha256:12d5b06a1f3aeccf295a5843c86835033797fea292c60e72b07bcb5d820e6dd3",
                "sha256:12f5c9ed53334c3ce719155424dc5407aaa4f6cadeb09c5b627e06abb93933a1",
                "sha256:2a0ef3f98175d77180ffdc623d38e9f1736e8d86b6ba70bff182a7e68bed7727",
                "sha256:2f2951dc4b4f990a4b394d6b382accb33141d4d3bd3ef4e2b27287135d6bdd68",
                "sha256:3868acb639c136d98107c9096303d2d8e5da2880f7706f9f8c06a7f961961149",
                "sha256:386b7d136919bb66ced64d2228b92d66140de5fefb3c7df6bd79069a269a7b06",
                "sha256:3d3043375dd5bbcb2282894cbb12e6c559654c67b5fffb462fda815a55bf93f7",
                "sha256:3e35d5565b35b66905b79ca4ae85840a8d40d31e0b3e2990f2e7692071b179ca",
                "sha256:402c2316d95ed90d3d3c25ad0390afa52f4d2c56b348f212aa9c8d072a40eee5",
                "sha256:40310db77a55512a18827488e592965d3dec6a3f1e3d8af3f8243134029daca3",
                "sha256:40e9cdbd18c1f84631312b64993f7d755d85a3930252f6276a77432a2b25a2f3",
                "sha256:49aa2cdd1e88adb1617c672a09bf4ebf2f05c9448c6dbeba096a3aeeb9d4d443",
                "sha256:57dd41ba32430cbcc812041d4de8d2ca4651aeefad2626921ae2a23deb8cd6ff",
                "sha256:5dba1cdb8f319084f5b00d41207b2079822aa8d6a4667c0f369fce85e34b0c86",
                "sha256:5e1d9e429028ce04f187a9f522818386c8b076723cdbe9345708384f49ebcec6",
                "sha256:63178c675d4c80def39f1febd625a6333f44c0ba269edd8a468b156394b27753",
                "sha256:6493bc0eacdbb2c0f0d260d8988e943fee06089cd239bd7f3d0c45d1657a70e2",
                "sha256:64aa8934200e222f72fcfd82ee71c0130a9c07d5725af6fe6e919017d095b297",
                "sha256:665255e7aae5f38237b3a6eae49d2358d83a59f39ac21036413fab5d1e810578",
                "sha256:6db316d6e340f862ec059dc12e395d71f39746a20503b124edc255973977b728",
                "sha256:70065dfabf023b155a9c2a18f573e47e6ca709b9e8619b2e04c54d5bcf193178",
                "sha256:8455aa60da49cb112df62b4721bd8ad3654a3a02b9452c783e651637a1f21fa2",
                "sha256:8b0ac78898c50e2574e9f938d2e5caa8fe187d7a5b69b65faa1ea4648925b096",
                "sha256:8bf312ed8ac096d674c6aa9131b249093c1b37c35db6a967daa4c84746bc1bc9",
                "sha256:92f99f2623ff16bd4aaf786ccde759c1f676d39c7bf2855eb0b540e1ac4530c8",
                "sha256:9c8bcad7fc12f0cc5896d8e10fdf703c45bd487294a986903fe032c72201596b",
                "sha256:9cd136184dd5f58892f24001cdce986f5d7e96059d004118d5410671579834a4",
                "sha256:9eb4fa13c8c7a2404b6a8e3772c17a55b1ba18bc711e25e4d6c0c9f5f541b02a",
                "sha256:a2bc4e49e8329f3283d99840c136ff2cd1a29e49b5624a46a290f04dff48e079",
                "sha256:a5645cd45f56895cfe3ca3459aed9ff2d3f9aaa29ff7edf557fa7a23515a3725",
                "sha256:a9afbc3909d0274d6ac8ec891e30210563b2c8bdd52ebbda14146354e7a69373",
                "sha256:aa498d1392216fae47eaf10c593e06c34476ced9549657fca713d0d1ba5f7248",
                "sha256:afd776cf1ebfc7f9aa42a09cf19feadb40a26366802d86c1fba080d8e5e74bdd",
                "sha256:b335a7c958bc945e10c522c069cd6e5804f4ff20f9a744dd38e748eb602cbbda",
                "sha256:b3c4817dff8cef5697f5afe5fec6bc1783994d55a68391be24cb7d80d2dbc3a6",
                "sha256:b79ee64d01d05a5476d5cceb3c27b5535e6bb84ee0f872ba60d9a8cd4d0e6579",
                "sha256:b87a90f14c68c925817423b0424381f0e16d80fc9a1a1046ef202ab25b19a444",
                "sha256:bf89e0e4a30714b357f5d46b6f20e0099d38b30d45fa68ea48589faf5f12f62d",
                "sha256:c058b84c3b24812c859300f3b5abf300daa34df20d4d4f42e9652a4d1c48c8a4",
                "sha256:c09a6ea87658695e527104cf857c70f79f14e9484605e205217aae0ec27b45fc",
                "sha256:c57b8e0841f3fce7b703530ed70c7c36269c6d180ea2e02e36b34cb7288c50c7",
                "sha256:c9cea5b756173bb86e2235f2f871b406a9b9d722417ae31e5391ccaef5348f2c",
                "sha256:cb39ed598aaf102251483f3e4675c5dd6b289c8142210ef76ba24aae0a8f8aba",
                "sha256:e036549ad14f2b414c725349cce0772ea34a7ab008e9cd67f9084e4f371d1f32",
                "sha256:e185ea07a99ce8b8edfc788c586c538c4b1351007e614ceb708fd01b095ef33e",
                "sha256:e5a4d82bdb4bf1ac1285a68eab02d253ab73355d9f0fe725a97e1e0fa689decb",
                "sha256:eae27ad7580529a427cfdd52c87abb2dfb15ce2b7a3e0fc29fbb63e2ed6f8120",
                "sha256:ecef029b69843b82048c5b347d8e6049356aa24ed644006c9a9d7098c3bd3bfd",
                "sha256:ee3bee874cb1fadee2ff2b79fc9fc808aa638670f28b2145074538d4a6a5028e",
                "sha256:f0d3de936b192980209d7b5149e3c98977c3810d401482d05fb6d668d53c1c63",
                "sha256:f53c0d6a859b2db58332e0e6a921582a02c1677cc93d4cbb36fdf49709b327b2",
                "sha256:f9d57f1b3061b3e21476b0ad5f0397b112b94ace21d1f439f2db472e568178ae"
            ],
            "markers": "python_version >= '3.7'",
            "version": "==2.0.38"
        },
        "sse-starlette": {
            "hashes": [
                "sha256:70cc7ef5aca4abe8a25dec1284cce4fe644dd7bf0c406d3e852e516092b7f849",
                "sha256:e0f9b8dec41adc092a0a6e0694334bd3cfd3084c44c497a6ebc1fb4bdd919acd"
            ],
            "version": "==1.8.2"
        },
        "stack-data": {
            "hashes": [
                "sha256:836a778de4fec4dcd1dcd89ed8abff8a221f58308462e1c4aa2a3cf30148f0b9",
                "sha256:d5558e0c25a4cb0853cddad3d77da9891a08cb85dd9f9f91b9f8cd66e511e695"
            ],
            "version": "==0.6.3"
        },
        "starlette": {
            "hashes": [
                "sha256:913f0798bd90ba90a9156383bcf1350a17d6259451d0d8ee27fc0cf2db609038",
                "sha256:b359e4567456b28d473d0193f34c0de0ed49710d75ef183a74a5ce0499324f50"
            ],
            "markers": "python_version >= '3.9'",
            "version": "==0.46.0"
        },
        "tenacity": {
            "hashes": [
                "sha256:807f37ca97d62aa361264d497b0e31e92b8027044942bfa756160d908320d73b",
                "sha256:93de0c98785b27fcf659856aa9f54bfbd399e29969b0621bc7f762bd441b4539"
            ],
            "markers": "python_version >= '3.8'",
            "version": "==9.0.0"
        },
        "tornado": {
            "hashes": [
                "sha256:908b71bf3ff37d81073356a5fadcc660eb10c1476ee6e2725588626ce7e5ca38",
                "sha256:92bad5b4746e9879fd7bf1eb21dce4e3fc5128d71601f80005afa39237ad620b"
            ],
            "markers": "python_version >= '3.8'",
            "version": "==6.4.2"
        },
        "traitlets": {
            "hashes": [
                "sha256:9ed0579d3502c94b4b3732ac120375cda96f923114522847de4b3bb98b96b6b7",
                "sha256:b74e89e397b1ed28cc831db7aea759ba6640cb3de13090ca145426688ff1ac4f"
            ],
            "markers": "python_version >= '3.8'",
            "version": "==5.14.3"
        },
        "typing-extensions": {
            "hashes": [
                "sha256:04e5ca0351e0f3f85c6853954072df659d0d13fac324d0072316b67d7794700d",
                "sha256:1a7ead55c7e559dd4dee8856e3a88b41225abfe1ce8df57b7c13915fe121ffb8"
            ],
            "markers": "python_version >= '3.8'",
            "version": "==4.12.2"
        },
        "typing-inspect": {
            "hashes": [
                "sha256:9ee6fc59062311ef8547596ab6b955e1b8aa46242d854bfc78f4f6b0eff35f9f",
                "sha256:b23fc42ff6f6ef6954e4852c1fb512cdd18dbea03134f91f856a95ccc9461f78"
            ],
            "version": "==0.9.0"
        },
        "urllib3": {
            "hashes": [
                "sha256:1cee9ad369867bfdbbb48b7dd50374c0967a0bb7710050facf0dd6911440e3df",
                "sha256:f8c5449b3cf0861679ce7e0503c7b44b5ec981bec0d1d3795a07f1ba96f0204d"
            ],
            "markers": "python_version >= '3.9'",
            "version": "==2.3.0"
        },
        "uvicorn": {
            "hashes": [
                "sha256:023dc038422502fa28a09c7a30bf2b6991512da7dcdb8fd35fe57cfc154126f4",
                "sha256:404051050cd7e905de2c9a7e61790943440b3416f49cb409f965d9dcd0fa73e9"
            ],
            "markers": "python_version >= '3.9'",
            "version": "==0.34.0"
        },
        "wcwidth": {
            "hashes": [
                "sha256:3da69048e4540d84af32131829ff948f1e022c1c6bdb8d6102117aac784f6859",
                "sha256:72ea0c06399eb286d978fdedb6923a9eb47e1c486ce63e9b4e64fc18303972b5"
            ],
            "version": "==0.2.13"
        },
        "yarl": {
            "hashes": [
                "sha256:93b2e109287f93db79210f86deb6b9bbb81ac32fc97236b16f7433db7fc437d8",
                "sha256:ac1801c45cbf77b6c99242eeff4fffb5e4e73a800b5c4ad4fc0be5def634d2e1",
                "sha256:b57f4f58099328dfb26c6a771d09fb20dbbae81d20cfb66141251ea063bd101b"
            ],
            "markers": "python_version >= '3.9'",
            "version": "==1.18.3"
        },
        "zstandard": {
            "hashes": [
                "sha256:519fbf169dfac1222a76ba8861ef4ac7f0530c35dd79ba5727014613f91613d4",
                "sha256:b2d8c62d08e7255f68f7a740bae85b3c9b8e5466baa9cbf7f57f1cde0ac6bc09"
            ],
            "markers": "python_version >= '3.8'",
            "version": "==0.23.0"
        }
    },
    "develop": {}
}
